github.com/google/go-cmp v0.4.0 h1:xsAVV57WRhGj6kEIi8ReJzQlHHqcBYCElAvkovg3B/4=
github.com/google/go-cmp v0.4.0/go.mod h1:v8dTdLbMG2kIc/vJvl+f65V22dbkXbowE6jgT/gNBxE=
github.com/pierrec/packer v0.0.0-20200418105014-926576833231 h1:jDjjTyqH6joOtkacofdFH0/MU/keve0RSSd3cTgoRSI=
github.com/pierrec/packer v0.0.0-20200418105014-926576833231/go.mod h1:GKrs5lzNeoNBN0l+jHHePFsqiNgXrZT5vQvGt28rWjI=
github.com/pierrec/packer v0.0.0-20200418114117-1efdfe4f279e h1:Sa2Ntyk6HfPTCs7Rj00zpcv9PEFPW7l6ZADeYunGwCg=
github.com/pierrec/packer v0.0.0-20200418114117-1efdfe4f279e/go.mod h1:GKrs5lzNeoNBN0l+jHHePFsqiNgXrZT5vQvGt28rWjI=
golang.org/x/xerrors v0.0.0-20191204190536-9bdfabe68543 h1:E7g+9GITq07hpfrRu66IVDexMakfv52eLZ2CXBWiKr4=
golang.org/x/xerrors v0.0.0-20191204190536-9bdfabe68543/go.mod h1:I/5z698sn9Ka8TeJc9MKroUUfqBBauWjQqLJ2OPfmY0=
